
Microsoft Visual Studio Solution File, Format Version 12.00
# Visual Studio Version 18
VisualStudioVersion = 18.0.11217.181 d18.0
MinimumVisualStudioVersion = 10.0.40219.1
Project("{FAE04EC0-301F-11D3-BF4B-00C04F79EFBC}") = "botones array", "botones array\botones array.csproj", "{D3125496-1B5A-4275-8DCB-20B0E9A64206}"
EndProject
Global
	GlobalSection(SolutionConfigurationPlatforms) = preSolution
		Debug|Any CPU = Debug|Any CPU
		Release|Any CPU = Release|Any CPU
	EndGlobalSection
	GlobalSection(ProjectConfigurationPlatforms) = postSolution
		{D3125496-1B5A-4275-8DCB-20B0E9A64206}.Debug|Any CPU.ActiveCfg = Debug|Any CPU
		{D3125496-1B5A-4275-8DCB-20B0E9A64206}.Debug|Any CPU.Build.0 = Debug|Any CPU
		{D3125496-1B5A-4275-8DCB-20B0E9A64206}.Release|Any CPU.ActiveCfg = Release|Any CPU
		{D3125496-1B5A-4275-8DCB-20B0E9A64206}.Release|Any CPU.Build.0 = Release|Any CPU
	EndGlobalSection
	GlobalSection(SolutionProperties) = preSolution
		HideSolutionNode = FALSE
	EndGlobalSection
	GlobalSection(ExtensibilityGlobals) = postSolution
		SolutionGuid = {F7F62CD1-FCCD-4FD4-951B-48EBC495E741}
	EndGlobalSection
EndGlobal
